// !$*UTF8*$!
{
	archiveVersion = 1;
	classes = {
	};
	objectVersion = 46;
	objects = {

/* Begin PBXBuildFile section */
		5D16C5BF7A9FE0EAD6C195B6 /* Pods_ACGSounds.framework in Frameworks */ = {isa = PBXBuildFile; fileRef = CB14926D69DF3550DB5120BE /* Pods_ACGSounds.framework */; };
		8B3153551EBD587700FF5647 /* AppDelegate.swift in Sources */ = {isa = PBXBuildFile; fileRef = 8B3153541EBD587700FF5647 /* AppDelegate.swift */; };
		8B31535E1EBD587700FF5647 /* Assets.xcassets in Resources */ = {isa = PBXBuildFile; fileRef = 8B31535D1EBD587700FF5647 /* Assets.xcassets */; };
		8B76760D1EBDA37C00E309D5 /* Sheet.swift in Sources */ = {isa = PBXBuildFile; fileRef = 8B76760C1EBDA37C00E309D5 /* Sheet.swift */; };
		8BB23CC61EC08D54003DFABE /* SingleSheet.swift in Sources */ = {isa = PBXBuildFile; fileRef = 8BB23CC51EC08D54003DFABE /* SingleSheet.swift */; };
		8BE471F41ED83A58006C2D85 /* Default-568h@2x.png in Resources */ = {isa = PBXBuildFile; fileRef = 8BE471F31ED83A58006C2D85 /* Default-568h@2x.png */; };
		8BE471F61ED84846006C2D85 /* AppToolBarController.swift in Sources */ = {isa = PBXBuildFile; fileRef = 8BE471F51ED84846006C2D85 /* AppToolBarController.swift */; };
		8BE471F81ED8499A006C2D85 /* LaunchScreen.storyboard in Resources */ = {isa = PBXBuildFile; fileRef = 8BE471F71ED8499A006C2D85 /* LaunchScreen.storyboard */; };
		8BE471FA1ED84B62006C2D85 /* SheetsViewController.swift in Sources */ = {isa = PBXBuildFile; fileRef = 8BE471F91ED84B62006C2D85 /* SheetsViewController.swift */; };
		8BE471FC1ED84BFA006C2D85 /* CardTableView.swift in Sources */ = {isa = PBXBuildFile; fileRef = 8BE471FB1ED84BFA006C2D85 /* CardTableView.swift */; };
		8BE471FE1ED84C04006C2D85 /* CardTableViewCell.swift in Sources */ = {isa = PBXBuildFile; fileRef = 8BE471FD1ED84C04006C2D85 /* CardTableViewCell.swift */; };
		8BE472001ED858CE006C2D85 /* Config.swift in Sources */ = {isa = PBXBuildFile; fileRef = 8BE471FF1ED858CE006C2D85 /* Config.swift */; };
		8BE472021ED93F40006C2D85 /* SheetDetailController.swift in Sources */ = {isa = PBXBuildFile; fileRef = 8BE472011ED93F40006C2D85 /* SheetDetailController.swift */; };
		8BE472041ED93FDE006C2D85 /* AppNavigationController.swift in Sources */ = {isa = PBXBuildFile; fileRef = 8BE472031ED93FDE006C2D85 /* AppNavigationController.swift */; };
		8BE472061ED9690E006C2D85 /* SheetActions.swift in Sources */ = {isa = PBXBuildFile; fileRef = 8BE472051ED9690E006C2D85 /* SheetActions.swift */; };
		8BE472081EDA6F6F006C2D85 /* AppSearchBarController.swift in Sources */ = {isa = PBXBuildFile; fileRef = 8BE472071EDA6F6F006C2D85 /* AppSearchBarController.swift */; };
		8BE4720A1EDA6F8F006C2D85 /* SearchViewController.swift in Sources */ = {isa = PBXBuildFile; fileRef = 8BE472091EDA6F8F006C2D85 /* SearchViewController.swift */; };
		8BE4720C1EDA7004006C2D85 /* SearchSheetTableView.swift in Sources */ = {isa = PBXBuildFile; fileRef = 8BE4720B1EDA7004006C2D85 /* SearchSheetTableView.swift */; };
		8BE472111EDD3F96006C2D85 /* SheetDetailTableView.swift in Sources */ = {isa = PBXBuildFile; fileRef = 8BE472101EDD3F96006C2D85 /* SheetDetailTableView.swift */; };
		8BE472131EDD4593006C2D85 /* Comment.swift in Sources */ = {isa = PBXBuildFile; fileRef = 8BE472121EDD4593006C2D85 /* Comment.swift */; };
		8BE472151EDD9E0E006C2D85 /* CommentCell.swift in Sources */ = {isa = PBXBuildFile; fileRef = 8BE472141EDD9E0E006C2D85 /* CommentCell.swift */; };
		8BE472171EDDB2C5006C2D85 /* SheetDetailCell.swift in Sources */ = {isa = PBXBuildFile; fileRef = 8BE472161EDDB2C5006C2D85 /* SheetDetailCell.swift */; };
/* End PBXBuildFile section */

/* Begin PBXFileReference section */
		8B3153511EBD587700FF5647 /* ACGSounds.app */ = {isa = PBXFileReference; explicitFileType = wrapper.application; includeInIndex = 0; path = ACGSounds.app; sourceTree = BUILT_PRODUCTS_DIR; };
		8B3153541EBD587700FF5647 /* AppDelegate.swift */ = {isa = PBXFileReference; lastKnownFileType = sourcecode.swift; path = AppDelegate.swift; sourceTree = "<group>"; };
		8B31535D1EBD587700FF5647 /* Assets.xcassets */ = {isa = PBXFileReference; lastKnownFileType = folder.assetcatalog; path = Assets.xcassets; sourceTree = "<group>"; };
		8B3153621EBD587700FF5647 /* Info.plist */ = {isa = PBXFileReference; lastKnownFileType = text.plist.xml; path = Info.plist; sourceTree = "<group>"; };
		8B76760C1EBDA37C00E309D5 /* Sheet.swift */ = {isa = PBXFileReference; fileEncoding = 4; lastKnownFileType = sourcecode.swift; name = Sheet.swift; path = models/Sheet.swift; sourceTree = "<group>"; };
		8BB23CC51EC08D54003DFABE /* SingleSheet.swift */ = {isa = PBXFileReference; fileEncoding = 4; lastKnownFileType = sourcecode.swift; name = SingleSheet.swift; path = models/SingleSheet.swift; sourceTree = "<group>"; };
		8BE471F31ED83A58006C2D85 /* Default-568h@2x.png */ = {isa = PBXFileReference; lastKnownFileType = image.png; path = "Default-568h@2x.png"; sourceTree = "<group>"; };
		8BE471F51ED84846006C2D85 /* AppToolBarController.swift */ = {isa = PBXFileReference; fileEncoding = 4; lastKnownFileType = sourcecode.swift; path = AppToolBarController.swift; sourceTree = "<group>"; };
		8BE471F71ED8499A006C2D85 /* LaunchScreen.storyboard */ = {isa = PBXFileReference; fileEncoding = 4; lastKnownFileType = file.storyboard; path = LaunchScreen.storyboard; sourceTree = "<group>"; };
		8BE471F91ED84B62006C2D85 /* SheetsViewController.swift */ = {isa = PBXFileReference; fileEncoding = 4; lastKnownFileType = sourcecode.swift; path = SheetsViewController.swift; sourceTree = "<group>"; };
		8BE471FB1ED84BFA006C2D85 /* CardTableView.swift */ = {isa = PBXFileReference; fileEncoding = 4; lastKnownFileType = sourcecode.swift; path = CardTableView.swift; sourceTree = "<group>"; };
		8BE471FD1ED84C04006C2D85 /* CardTableViewCell.swift */ = {isa = PBXFileReference; fileEncoding = 4; lastKnownFileType = sourcecode.swift; path = CardTableViewCell.swift; sourceTree = "<group>"; };
		8BE471FF1ED858CE006C2D85 /* Config.swift */ = {isa = PBXFileReference; fileEncoding = 4; lastKnownFileType = sourcecode.swift; path = Config.swift; sourceTree = "<group>"; };
		8BE472011ED93F40006C2D85 /* SheetDetailController.swift */ = {isa = PBXFileReference; fileEncoding = 4; lastKnownFileType = sourcecode.swift; path = SheetDetailController.swift; sourceTree = "<group>"; };
		8BE472031ED93FDE006C2D85 /* AppNavigationController.swift */ = {isa = PBXFileReference; fileEncoding = 4; lastKnownFileType = sourcecode.swift; path = AppNavigationController.swift; sourceTree = "<group>"; };
		8BE472051ED9690E006C2D85 /* SheetActions.swift */ = {isa = PBXFileReference; fileEncoding = 4; lastKnownFileType = sourcecode.swift; path = SheetActions.swift; sourceTree = "<group>"; };
		8BE472071EDA6F6F006C2D85 /* AppSearchBarController.swift */ = {isa = PBXFileReference; fileEncoding = 4; lastKnownFileType = sourcecode.swift; path = AppSearchBarController.swift; sourceTree = "<group>"; };
		8BE472091EDA6F8F006C2D85 /* SearchViewController.swift */ = {isa = PBXFileReference; fileEncoding = 4; lastKnownFileType = sourcecode.swift; path = SearchViewController.swift; sourceTree = "<group>"; };
		8BE4720B1EDA7004006C2D85 /* SearchSheetTableView.swift */ = {isa = PBXFileReference; fileEncoding = 4; lastKnownFileType = sourcecode.swift; path = SearchSheetTableView.swift; sourceTree = "<group>"; };
		8BE4720F1EDC1F0C006C2D85 /* bridgeHeader.h */ = {isa = PBXFileReference; lastKnownFileType = sourcecode.c.h; path = bridgeHeader.h; sourceTree = "<group>"; };
		8BE472101EDD3F96006C2D85 /* SheetDetailTableView.swift */ = {isa = PBXFileReference; fileEncoding = 4; lastKnownFileType = sourcecode.swift; path = SheetDetailTableView.swift; sourceTree = "<group>"; };
		8BE472121EDD4593006C2D85 /* Comment.swift */ = {isa = PBXFileReference; fileEncoding = 4; lastKnownFileType = sourcecode.swift; name = Comment.swift; path = models/Comment.swift; sourceTree = "<group>"; };
		8BE472141EDD9E0E006C2D85 /* CommentCell.swift */ = {isa = PBXFileReference; fileEncoding = 4; lastKnownFileType = sourcecode.swift; path = CommentCell.swift; sourceTree = "<group>"; };
		8BE472161EDDB2C5006C2D85 /* SheetDetailCell.swift */ = {isa = PBXFileReference; fileEncoding = 4; lastKnownFileType = sourcecode.swift; path = SheetDetailCell.swift; sourceTree = "<group>"; };
		9CEA00222E26B89D566D3ACF /* Pods-ACGSounds.debug.xcconfig */ = {isa = PBXFileReference; includeInIndex = 1; lastKnownFileType = text.xcconfig; name = "Pods-ACGSounds.debug.xcconfig"; path = "Pods/Target Support Files/Pods-ACGSounds/Pods-ACGSounds.debug.xcconfig"; sourceTree = "<group>"; };
		AF6C47EADBA63872886BE07C /* Pods-ACGSounds.release.xcconfig */ = {isa = PBXFileReference; includeInIndex = 1; lastKnownFileType = text.xcconfig; name = "Pods-ACGSounds.release.xcconfig"; path = "Pods/Target Support Files/Pods-ACGSounds/Pods-ACGSounds.release.xcconfig"; sourceTree = "<group>"; };
		CB14926D69DF3550DB5120BE /* Pods_ACGSounds.framework */ = {isa = PBXFileReference; explicitFileType = wrapper.framework; includeInIndex = 0; path = Pods_ACGSounds.framework; sourceTree = BUILT_PRODUCTS_DIR; };
/* End PBXFileReference section */

/* Begin PBXFrameworksBuildPhase section */
		8B31534E1EBD587700FF5647 /* Frameworks */ = {
			isa = PBXFrameworksBuildPhase;
			buildActionMask = 2147483647;
			files = (
				5D16C5BF7A9FE0EAD6C195B6 /* Pods_ACGSounds.framework in Frameworks */,
			);
			runOnlyForDeploymentPostprocessing = 0;
		};
/* End PBXFrameworksBuildPhase section */

/* Begin PBXGroup section */
		7F6331C56AAFE6365B2D0F80 /* Frameworks */ = {
			isa = PBXGroup;
			children = (
				CB14926D69DF3550DB5120BE /* Pods_ACGSounds.framework */,
			);
			name = Frameworks;
			sourceTree = "<group>";
		};
		8B3153481EBD587700FF5647 = {
			isa = PBXGroup;
			children = (
				8BE471F71ED8499A006C2D85 /* LaunchScreen.storyboard */,
				8BE471F31ED83A58006C2D85 /* Default-568h@2x.png */,
				8B3153531EBD587700FF5647 /* ACGSounds */,
				8B3153521EBD587700FF5647 /* Products */,
				D2329BC2D6224F509C4FE79F /* Pods */,
				7F6331C56AAFE6365B2D0F80 /* Frameworks */,
			);
			sourceTree = "<group>";
		};
		8B3153521EBD587700FF5647 /* Products */ = {
			isa = PBXGroup;
			children = (
				8B3153511EBD587700FF5647 /* ACGSounds.app */,
			);
			name = Products;
			sourceTree = "<group>";
		};
		8B3153531EBD587700FF5647 /* ACGSounds */ = {
			isa = PBXGroup;
			children = (
				8B3153541EBD587700FF5647 /* AppDelegate.swift */,
				8B31535D1EBD587700FF5647 /* Assets.xcassets */,
				8B3153621EBD587700FF5647 /* Info.plist */,
				8B76760E1EBDA38200E309D5 /* models */,
				8BE471F51ED84846006C2D85 /* AppToolBarController.swift */,
				8BE471F91ED84B62006C2D85 /* SheetsViewController.swift */,
				8BE471FB1ED84BFA006C2D85 /* CardTableView.swift */,
				8BE471FD1ED84C04006C2D85 /* CardTableViewCell.swift */,
				8BE471FF1ED858CE006C2D85 /* Config.swift */,
				8BE472011ED93F40006C2D85 /* SheetDetailController.swift */,
				8BE472031ED93FDE006C2D85 /* AppNavigationController.swift */,
				8BE472071EDA6F6F006C2D85 /* AppSearchBarController.swift */,
				8BE472091EDA6F8F006C2D85 /* SearchViewController.swift */,
				8BE4720B1EDA7004006C2D85 /* SearchSheetTableView.swift */,
				8BE4720F1EDC1F0C006C2D85 /* bridgeHeader.h */,
				8BE472101EDD3F96006C2D85 /* SheetDetailTableView.swift */,
				8BE472141EDD9E0E006C2D85 /* CommentCell.swift */,
				8BE472161EDDB2C5006C2D85 /* SheetDetailCell.swift */,
			);
			path = ACGSounds;
			sourceTree = "<group>";
		};
		8B76760E1EBDA38200E309D5 /* models */ = {
			isa = PBXGroup;
			children = (
				8B76760C1EBDA37C00E309D5 /* Sheet.swift */,
				8BB23CC51EC08D54003DFABE /* SingleSheet.swift */,
				8BE472051ED9690E006C2D85 /* SheetActions.swift */,
				8BE472121EDD4593006C2D85 /* Comment.swift */,
			);
			name = models;
			sourceTree = "<group>";
		};
		D2329BC2D6224F509C4FE79F /* Pods */ = {
			isa = PBXGroup;
			children = (
				9CEA00222E26B89D566D3ACF /* Pods-ACGSounds.debug.xcconfig */,
				AF6C47EADBA63872886BE07C /* Pods-ACGSounds.release.xcconfig */,
			);
			name = Pods;
			sourceTree = "<group>";
		};
/* End PBXGroup section */

/* Begin PBXNativeTarget section */
		8B3153501EBD587700FF5647 /* ACGSounds */ = {
			isa = PBXNativeTarget;
			buildConfigurationList = 8B3153651EBD587700FF5647 /* Build configuration list for PBXNativeTarget "ACGSounds" */;
			buildPhases = (
				1EDAAD9F01A3797DB5D2FC4A /* [CP] Check Pods Manifest.lock */,
				8B31534D1EBD587700FF5647 /* Sources */,
				8B31534E1EBD587700FF5647 /* Frameworks */,
				8B31534F1EBD587700FF5647 /* Resources */,
				31CF81AEA1D701389C16455F /* [CP] Embed Pods Frameworks */,
				DED1BF1D4672487398DEF669 /* [CP] Copy Pods Resources */,
			);
			buildRules = (
			);
			dependencies = (
			);
			name = ACGSounds;
			productName = ACGSounds;
			productReference = 8B3153511EBD587700FF5647 /* ACGSounds.app */;
			productType = "com.apple.product-type.application";
		};
/* End PBXNativeTarget section */

/* Begin PBXProject section */
		8B3153491EBD587700FF5647 /* Project object */ = {
			isa = PBXProject;
			attributes = {
				LastSwiftUpdateCheck = 0830;
				LastUpgradeCheck = 0830;
				ORGANIZATIONNAME = "FropsVM Networks Limited";
				TargetAttributes = {
					8B3153501EBD587700FF5647 = {
						CreatedOnToolsVersion = 8.3.2;
						DevelopmentTeam = ANYWEZ2X23;
						ProvisioningStyle = Automatic;
					};
				};
			};
			buildConfigurationList = 8B31534C1EBD587700FF5647 /* Build configuration list for PBXProject "ACGSounds" */;
			compatibilityVersion = "Xcode 3.2";
			developmentRegion = English;
			hasScannedForEncodings = 0;
			knownRegions = (
				en,
				Base,
			);
			mainGroup = 8B3153481EBD587700FF5647;
			productRefGroup = 8B3153521EBD587700FF5647 /* Products */;
			projectDirPath = "";
			projectRoot = "";
			targets = (
				8B3153501EBD587700FF5647 /* ACGSounds */,
			);
		};
/* End PBXProject section */

/* Begin PBXResourcesBuildPhase section */
		8B31534F1EBD587700FF5647 /* Resources */ = {
			isa = PBXResourcesBuildPhase;
			buildActionMask = 2147483647;
			files = (
				8BE471F81ED8499A006C2D85 /* LaunchScreen.storyboard in Resources */,
				8B31535E1EBD587700FF5647 /* Assets.xcassets in Resources */,
				8BE471F41ED83A58006C2D85 /* Default-568h@2x.png in Resources */,
			);
			runOnlyForDeploymentPostprocessing = 0;
		};
/* End PBXResourcesBuildPhase section */

/* Begin PBXShellScriptBuildPhase section */
		1EDAAD9F01A3797DB5D2FC4A /* [CP] Check Pods Manifest.lock */ = {
			isa = PBXShellScriptBuildPhase;
			buildActionMask = 2147483647;
			files = (
			);
			inputPaths = (
			);
			name = "[CP] Check Pods Manifest.lock";
			outputPaths = (
			);
			runOnlyForDeploymentPostprocessing = 0;
			shellPath = /bin/sh;
			shellScript = "diff \"${PODS_PODFILE_DIR_PATH}/Podfile.lock\" \"${PODS_ROOT}/Manifest.lock\" > /dev/null\nif [ $? != 0 ] ; then\n    # print error to STDERR\n    echo \"error: The sandbox is not in sync with the Podfile.lock. Run 'pod install' or update your CocoaPods installation.\" >&2\n    exit 1\nfi\n";
			showEnvVarsInLog = 0;
		};
		31CF81AEA1D701389C16455F /* [CP] Embed Pods Frameworks */ = {
			isa = PBXShellScriptBuildPhase;
			buildActionMask = 2147483647;
			files = (
			);
			inputPaths = (
			);
			name = "[CP] Embed Pods Frameworks";
			outputPaths = (
			);
			runOnlyForDeploymentPostprocessing = 0;
			shellPath = /bin/sh;
			shellScript = "\"${SRCROOT}/Pods/Target Support Files/Pods-ACGSounds/Pods-ACGSounds-frameworks.sh\"\n";
			showEnvVarsInLog = 0;
		};
		DED1BF1D4672487398DEF669 /* [CP] Copy Pods Resources */ = {
			isa = PBXShellScriptBuildPhase;
			buildActionMask = 2147483647;
			files = (
			);
			inputPaths = (
			);
			name = "[CP] Copy Pods Resources";
			outputPaths = (
			);
			runOnlyForDeploymentPostprocessing = 0;
			shellPath = /bin/sh;
			shellScript = "\"${SRCROOT}/Pods/Target Support Files/Pods-ACGSounds/Pods-ACGSounds-resources.sh\"\n";
			showEnvVarsInLog = 0;
		};
/* End PBXShellScriptBuildPhase section */

/* Begin PBXSourcesBuildPhase section */
		8B31534D1EBD587700FF5647 /* Sources */ = {
			isa = PBXSourcesBuildPhase;
			buildActionMask = 2147483647;
			files = (
				8BE472021ED93F40006C2D85 /* SheetDetailController.swift in Sources */,
				8BE471FA1ED84B62006C2D85 /* SheetsViewController.swift in Sources */,
				8BE471FC1ED84BFA006C2D85 /* CardTableView.swift in Sources */,
				8BB23CC61EC08D54003DFABE /* SingleSheet.swift in Sources */,
				8BE471F61ED84846006C2D85 /* AppToolBarController.swift in Sources */,
				8BE4720C1EDA7004006C2D85 /* SearchSheetTableView.swift in Sources */,
				8B3153551EBD587700FF5647 /* AppDelegate.swift in Sources */,
				8BE472001ED858CE006C2D85 /* Config.swift in Sources */,
				8B76760D1EBDA37C00E309D5 /* Sheet.swift in Sources */,
				8BE472151EDD9E0E006C2D85 /* CommentCell.swift in Sources */,
				8BE4720A1EDA6F8F006C2D85 /* SearchViewController.swift in Sources */,
				8BE471FE1ED84C04006C2D85 /* CardTableViewCell.swift in Sources */,
				8BE472131EDD4593006C2D85 /* Comment.swift in Sources */,
				8BE472041ED93FDE006C2D85 /* AppNavigationController.swift in Sources */,
				8BE472111EDD3F96006C2D85 /* SheetDetailTableView.swift in Sources */,
				8BE472061ED9690E006C2D85 /* SheetActions.swift in Sources */,
				8BE472171EDDB2C5006C2D85 /* SheetDetailCell.swift in Sources */,
				8BE472081EDA6F6F006C2D85 /* AppSearchBarController.swift in Sources */,
			);
			runOnlyForDeploymentPostprocessing = 0;
		};
/* End PBXSourcesBuildPhase section */

/* Begin XCBuildConfiguration section */
		8B3153631EBD587700FF5647 /* Debug */ = {
			isa = XCBuildConfiguration;
			buildSettings = {
				ALWAYS_SEARCH_USER_PATHS = NO;
				CLANG_ANALYZER_NONNULL = YES;
				CLANG_ANALYZER_NUMBER_OBJECT_CONVERSION = YES_AGGRESSIVE;
				CLANG_CXX_LANGUAGE_STANDARD = "gnu++0x";
				CLANG_CXX_LIBRARY = "libc++";
				CLANG_ENABLE_MODULES = YES;
				CLANG_ENABLE_OBJC_ARC = YES;
				CLANG_WARN_BOOL_CONVERSION = YES;
				CLANG_WARN_CONSTANT_CONVERSION = YES;
				CLANG_WARN_DIRECT_OBJC_ISA_USAGE = YES_ERROR;
				CLANG_WARN_DOCUMENTATION_COMMENTS = YES;
				CLANG_WARN_EMPTY_BODY = YES;
				CLANG_WARN_ENUM_CONVERSION = YES;
				CLANG_WARN_INFINITE_RECURSION = YES;
				CLANG_WARN_INT_CONVERSION = YES;
				CLANG_WARN_OBJC_ROOT_CLASS = YES_ERROR;
				CLANG_WARN_SUSPICIOUS_MOVE = YES;
				CLANG_WARN_UNREACHABLE_CODE = YES;
				CLANG_WARN__DUPLICATE_METHOD_MATCH = YES;
				"CODE_SIGN_IDENTITY[sdk=iphoneos*]" = "iPhone Developer";
				COPY_PHASE_STRIP = NO;
				DEBUG_INFORMATION_FORMAT = dwarf;
				ENABLE_STRICT_OBJC_MSGSEND = YES;
				ENABLE_TESTABILITY = YES;
				GCC_C_LANGUAGE_STANDARD = gnu99;
				GCC_DYNAMIC_NO_PIC = NO;
				GCC_NO_COMMON_BLOCKS = YES;
				GCC_OPTIMIZATION_LEVEL = 0;
				GCC_PREPROCESSOR_DEFINITIONS = (
					"DEBUG=1",
					"$(inherited)",
				);
				GCC_WARN_64_TO_32_BIT_CONVERSION = YES;
				GCC_WARN_ABOUT_RETURN_TYPE = YES_ERROR;
				GCC_WARN_UNDECLARED_SELECTOR = YES;
				GCC_WARN_UNINITIALIZED_AUTOS = YES_AGGRESSIVE;
				GCC_WARN_UNUSED_FUNCTION = YES;
				GCC_WARN_UNUSED_VARIABLE = YES;
				IPHONEOS_DEPLOYMENT_TARGET = 10.3;
				MTL_ENABLE_DEBUG_INFO = YES;
				ONLY_ACTIVE_ARCH = YES;
				SDKROOT = iphoneos;
				SWIFT_ACTIVE_COMPILATION_CONDITIONS = DEBUG;
				SWIFT_OPTIMIZATION_LEVEL = "-Onone";
				TARGETED_DEVICE_FAMILY = "1,2";
			};
			name = Debug;
		};
		8B3153641EBD587700FF5647 /* Release */ = {
			isa = XCBuildConfiguration;
			buildSettings = {
				ALWAYS_SEARCH_USER_PATHS = NO;
				CLANG_ANALYZER_NONNULL = YES;
				CLANG_ANALYZER_NUMBER_OBJECT_CONVERSION = YES_AGGRESSIVE;
				CLANG_CXX_LANGUAGE_STANDARD = "gnu++0x";
				CLANG_CXX_LIBRARY = "libc++";
				CLANG_ENABLE_MODULES = YES;
				CLANG_ENABLE_OBJC_ARC = YES;
				CLANG_WARN_BOOL_CONVERSION = YES;
				CLANG_WARN_CONSTANT_CONVERSION = YES;
				CLANG_WARN_DIRECT_OBJC_ISA_USAGE = YES_ERROR;
				CLANG_WARN_DOCUMENTATION_COMMENTS = YES;
				CLANG_WARN_EMPTY_BODY = YES;
				CLANG_WARN_ENUM_CONVERSION = YES;
				CLANG_WARN_INFINITE_RECURSION = YES;
				CLANG_WARN_INT_CONVERSION = YES;
				CLANG_WARN_OBJC_ROOT_CLASS = YES_ERROR;
				CLANG_WARN_SUSPICIOUS_MOVE = YES;
				CLANG_WARN_UNREACHABLE_CODE = YES;
				CLANG_WARN__DUPLICATE_METHOD_MATCH = YES;
				"CODE_SIGN_IDENTITY[sdk=iphoneos*]" = "iPhone Developer";
				COPY_PHASE_STRIP = NO;
				DEBUG_INFORMATION_FORMAT = "dwarf-with-dsym";
				ENABLE_NS_ASSERTIONS = NO;
				ENABLE_STRICT_OBJC_MSGSEND = YES;
				GCC_C_LANGUAGE_STANDARD = gnu99;
				GCC_NO_COMMON_BLOCKS = YES;
				GCC_WARN_64_TO_32_BIT_CONVERSION = YES;
				GCC_WARN_ABOUT_RETURN_TYPE = YES_ERROR;
				GCC_WARN_UNDECLARED_SELECTOR = YES;
				GCC_WARN_UNINITIALIZED_AUTOS = YES_AGGRESSIVE;
				GCC_WARN_UNUSED_FUNCTION = YES;
				GCC_WARN_UNUSED_VARIABLE = YES;
				IPHONEOS_DEPLOYMENT_TARGET = 10.3;
				MTL_ENABLE_DEBUG_INFO = NO;
				SDKROOT = iphoneos;
				SWIFT_OPTIMIZATION_LEVEL = "-Owholemodule";
				TARGETED_DEVICE_FAMILY = "1,2";
				VALIDATE_PRODUCT = YES;
			};
			name = Release;
		};
		8B3153661EBD587700FF5647 /* Debug */ = {
			isa = XCBuildConfiguration;
			baseConfigurationReference = 9CEA00222E26B89D566D3ACF /* Pods-ACGSounds.debug.xcconfig */;
			buildSettings = {
				ASSETCATALOG_COMPILER_APPICON_NAME = AppIcon;
				DEVELOPMENT_TEAM = ANYWEZ2X23;
				INFOPLIST_FILE = ACGSounds/Info.plist;
				IPHONEOS_DEPLOYMENT_TARGET = 9.0;
				LD_RUNPATH_SEARCH_PATHS = "$(inherited) @executable_path/Frameworks";
				PRODUCT_BUNDLE_IDENTIFIER = com.acgsounds.viewer;
				PRODUCT_NAME = "$(TARGET_NAME)";
				SWIFT_OBJC_BRIDGING_HEADER = /Users/davidchen/ios/ACGSounds/ACGSounds/bridgeHeader.h;
				SWIFT_VERSION = 3.0;
				TARGETED_DEVICE_FAMILY = "1,2";
			};
			name = Debug;
		};
		8B3153671EBD587700FF5647 /* Release */ = {
			isa = XCBuildConfiguration;
			baseConfigurationReference = AF6C47EADBA63872886BE07C /* Pods-ACGSounds.release.xcconfig */;
			buildSettings = {
				ASSETCATALOG_COMPILER_APPICON_NAME = AppIcon;
				DEVELOPMENT_TEAM = ANYWEZ2X23;
				INFOPLIST_FILE = ACGSounds/Info.plist;
				IPHONEOS_DEPLOYMENT_TARGET = 9.0;
				LD_RUNPATH_SEARCH_PATHS = "$(inherited) @executable_path/Frameworks";
				PRODUCT_BUNDLE_IDENTIFIER = com.acgsounds.viewer;
				PRODUCT_NAME = "$(TARGET_NAME)";
				SWIFT_OBJC_BRIDGING_HEADER = /Users/davidchen/ios/ACGSounds/ACGSounds/bridgeHeader.h;
				SWIFT_VERSION = 3.0;
				TARGETED_DEVICE_FAMILY = "1,2";
			};
			name = Release;
		};
/* End XCBuildConfiguration section */

/* Begin XCConfigurationList section */
		8B31534C1EBD587700FF5647 /* Build configuration list for PBXProject "ACGSounds" */ = {
			isa = XCConfigurationList;
			buildConfigurations = (
				8B3153631EBD587700FF5647 /* Debug */,
				8B3153641EBD587700FF5647 /* Release */,
			);
			defaultConfigurationIsVisible = 0;
			defaultConfigurationName = Release;
		};
		8B3153651EBD587700FF5647 /* Build configuration list for PBXNativeTarget "ACGSounds" */ = {
			isa = XCConfigurationList;
			buildConfigurations = (
				8B3153661EBD587700FF5647 /* Debug */,
				8B3153671EBD587700FF5647 /* Release */,
			);
			defaultConfigurationIsVisible = 0;
			defaultConfigurationName = Release;
		};
/* End XCConfigurationList section */
	};
	rootObject = 8B3153491EBD587700FF5647 /* Project object */;
}
